
Microsoft Visual Studio Solution File, Format Version 12.00
# Visual Studio Version 16
VisualStudioVersion = 16.0.32510.428
MinimumVisualStudioVersion = 10.0.40219.1
Project("{FAE04EC0-301F-11D3-BF4B-00C04F79EFBC}") = "Web", "Web\Web.csproj", "{B3E987A2-7F29-47F0-A9FA-12BD54B971BA}"
EndProject
Global
	GlobalSection(SolutionConfigurationPlatforms) = preSolution
		Debug|Any CPU = Debug|Any CPU
		Release|Any CPU = Release|Any CPU
	EndGlobalSection
	GlobalSection(ProjectConfigurationPlatforms) = postSolution
		{B3E987A2-7F29-47F0-A9FA-12BD54B971BA}.Debug|Any CPU.ActiveCfg = Debug|Any CPU
		{B3E987A2-7F29-47F0-A9FA-12BD54B971BA}.Debug|Any CPU.Build.0 = Debug|Any CPU
		{B3E987A2-7F29-47F0-A9FA-12BD54B971BA}.Release|Any CPU.ActiveCfg = Release|Any CPU
		{B3E987A2-7F29-47F0-A9FA-12BD54B971BA}.Release|Any CPU.Build.0 = Release|Any CPU
	EndGlobalSection
	GlobalSection(SolutionProperties) = preSolution
		HideSolutionNode = FALSE
	EndGlobalSection
	GlobalSection(ExtensibilityGlobals) = postSolution
		SolutionGuid = {14D1D9B1-AD03-4484-BBDE-08DFEFFBC0C6}
	EndGlobalSection
EndGlobal
